// !$*UTF8*$!
{
	archiveVersion = 1;
	classes = {
	};
	objectVersion = 46;
	objects = {

/* Begin PBXBuildFile section */
		144B8A841F3BE7CD00CF749F /* AdSupport.framework in Frameworks */ = {isa = PBXBuildFile; fileRef = 144B8A831F3BE7CD00CF749F /* AdSupport.framework */; };
		144B8A861F3BE81000CF749F /* iAd.framework in Frameworks */ = {isa = PBXBuildFile; fileRef = 144B8A851F3BE81000CF749F /* iAd.framework */; };
		144B8A881F3BE88700CF749F /* AVFoundation.framework in Frameworks */ = {isa = PBXBuildFile; fileRef = 144B8A871F3BE88700CF749F /* AVFoundation.framework */; };
		145E5F6F1FF5830100C8E37C /* StoryboardExt.swift in Sources */ = {isa = PBXBuildFile; fileRef = 145E5F6E1FF5830100C8E37C /* StoryboardExt.swift */; };
		145E5F711FF588AF00C8E37C /* AvenirLTStd-Light.otf in Resources */ = {isa = PBXBuildFile; fileRef = 145E5F701FF588AE00C8E37C /* AvenirLTStd-Light.otf */; };
		1489A7B01F33CCFC00A6E404 /* AppDelegate.swift in Sources */ = {isa = PBXBuildFile; fileRef = 1489A7AF1F33CCFC00A6E404 /* AppDelegate.swift */; };
		1489A7B51F33CCFC00A6E404 /* Main.storyboard in Resources */ = {isa = PBXBuildFile; fileRef = 1489A7B31F33CCFC00A6E404 /* Main.storyboard */; };
		1489A7B71F33CCFC00A6E404 /* Assets.xcassets in Resources */ = {isa = PBXBuildFile; fileRef = 1489A7B61F33CCFC00A6E404 /* Assets.xcassets */; };
		1489A7BA1F33CCFC00A6E404 /* LaunchScreen.storyboard in Resources */ = {isa = PBXBuildFile; fileRef = 1489A7B81F33CCFC00A6E404 /* LaunchScreen.storyboard */; };
		14E26A161F4CBE5200FFC55D /* Audio.swift in Sources */ = {isa = PBXBuildFile; fileRef = 14E26A151F4CBE5200FFC55D /* Audio.swift */; };
		53E366EF20059EEA0086C82F /* CustomCells.swift in Sources */ = {isa = PBXBuildFile; fileRef = 53E366EE20059EEA0086C82F /* CustomCells.swift */; };
		E51B22AB200316DC009F09A1 /* Account.swift in Sources */ = {isa = PBXBuildFile; fileRef = E51B22AA200316DC009F09A1 /* Account.swift */; };
		E5263C7B20D35DAF007039BE /* SlideFromLeft.swift in Sources */ = {isa = PBXBuildFile; fileRef = E5263C7A20D35DAF007039BE /* SlideFromLeft.swift */; };
		E5263C7D20D35FDC007039BE /* SlideFromRight.swift in Sources */ = {isa = PBXBuildFile; fileRef = E5263C7C20D35FDB007039BE /* SlideFromRight.swift */; };
		E5384D2520E74B890085AF0E /* Pods_NexUp.framework in Frameworks */ = {isa = PBXBuildFile; fileRef = 654ED2B9B900B0585705BDEF /* Pods_NexUp.framework */; };
		E53C4A2D2001C1BB00D38465 /* UserAccountVC.swift in Sources */ = {isa = PBXBuildFile; fileRef = E53C4A2C2001C1BB00D38465 /* UserAccountVC.swift */; };
		E53C4A2F2001C1D500D38465 /* ArtistVC.swift in Sources */ = {isa = PBXBuildFile; fileRef = E53C4A2E2001C1D500D38465 /* ArtistVC.swift */; };
		E53C4A312001C1F600D38465 /* ArtistInfoVC.swift in Sources */ = {isa = PBXBuildFile; fileRef = E53C4A302001C1F600D38465 /* ArtistInfoVC.swift */; };
		E53C4A392001C22C00D38465 /* AuthVC.swift in Sources */ = {isa = PBXBuildFile; fileRef = E53C4A382001C22C00D38465 /* AuthVC.swift */; };
		E54AEA2120D07477006D0329 /* GoogleService-Info.plist in Resources */ = {isa = PBXBuildFile; fileRef = E54AEA2020D07476006D0329 /* GoogleService-Info.plist */; };
		E553162020132C77006EA053 /* CircleControls.swift in Sources */ = {isa = PBXBuildFile; fileRef = E553161F20132C77006EA053 /* CircleControls.swift */; };
		E553162220132C81006EA053 /* Sidebar.swift in Sources */ = {isa = PBXBuildFile; fileRef = E553162120132C81006EA053 /* Sidebar.swift */; };
		E569F389200590A300E5F07D /* Artist.swift in Sources */ = {isa = PBXBuildFile; fileRef = E569F388200590A300E5F07D /* Artist.swift */; };
		E57675D42015C2330093C820 /* UIKitExt.swift in Sources */ = {isa = PBXBuildFile; fileRef = E57675D32015C2330093C820 /* UIKitExt.swift */; };
		E57675D62015C24E0093C820 /* AVFoundationExt.swift in Sources */ = {isa = PBXBuildFile; fileRef = E57675D52015C24E0093C820 /* AVFoundationExt.swift */; };
		E57675DE2015C2A40093C820 /* FoundationExt.swift in Sources */ = {isa = PBXBuildFile; fileRef = E57675DD2015C2A40093C820 /* FoundationExt.swift */; };
		E586293720D1C01600242A74 /* SwiftStyleSettings.plist in Resources */ = {isa = PBXBuildFile; fileRef = E586293620D1C01600242A74 /* SwiftStyleSettings.plist */; };
		E58A2FB820203E4500A22C55 /* AudioToolbox.framework in Frameworks */ = {isa = PBXBuildFile; fileRef = E58A2FB720203E4500A22C55 /* AudioToolbox.framework */; };
		E59BA24E202D0D2B0050588D /* SubscriptionHandler.swift in Sources */ = {isa = PBXBuildFile; fileRef = E59BA24D202D0D2B0050588D /* SubscriptionHandler.swift */; };
		E59BA253202D17700050588D /* StoreKit.framework in Frameworks */ = {isa = PBXBuildFile; fileRef = E59BA252202D17700050588D /* StoreKit.framework */; };
		E5B87E1A20196CAF00777E67 /* FavoriteVC.swift in Sources */ = {isa = PBXBuildFile; fileRef = E5B87E1920196CAF00777E67 /* FavoriteVC.swift */; };
		E5B87E1C20196CC600777E67 /* DislikeVC.swift in Sources */ = {isa = PBXBuildFile; fileRef = E5B87E1B20196CC600777E67 /* DislikeVC.swift */; };
		E5B87E1E20196CE300777E67 /* RecentVC.swift in Sources */ = {isa = PBXBuildFile; fileRef = E5B87E1D20196CE300777E67 /* RecentVC.swift */; };
		E5CBC9DA200D6A8C0018023A /* NowPlayingVC.swift in Sources */ = {isa = PBXBuildFile; fileRef = E5CBC9D9200D6A8C0018023A /* NowPlayingVC.swift */; };
/* End PBXBuildFile section */

/* Begin PBXFileReference section */
		144B8A831F3BE7CD00CF749F /* AdSupport.framework */ = {isa = PBXFileReference; lastKnownFileType = wrapper.framework; name = AdSupport.framework; path = System/Library/Frameworks/AdSupport.framework; sourceTree = SDKROOT; };
		144B8A851F3BE81000CF749F /* iAd.framework */ = {isa = PBXFileReference; lastKnownFileType = wrapper.framework; name = iAd.framework; path = System/Library/Frameworks/iAd.framework; sourceTree = SDKROOT; };
		144B8A871F3BE88700CF749F /* AVFoundation.framework */ = {isa = PBXFileReference; lastKnownFileType = wrapper.framework; name = AVFoundation.framework; path = System/Library/Frameworks/AVFoundation.framework; sourceTree = SDKROOT; };
		145E5F6E1FF5830100C8E37C /* StoryboardExt.swift */ = {isa = PBXFileReference; lastKnownFileType = sourcecode.swift; path = StoryboardExt.swift; sourceTree = "<group>"; };
		145E5F701FF588AE00C8E37C /* AvenirLTStd-Light.otf */ = {isa = PBXFileReference; lastKnownFileType = file; path = "AvenirLTStd-Light.otf"; sourceTree = "<group>"; };
		1489A7AC1F33CCFC00A6E404 /* NexUp.app */ = {isa = PBXFileReference; explicitFileType = wrapper.application; includeInIndex = 0; path = NexUp.app; sourceTree = BUILT_PRODUCTS_DIR; };
		1489A7AF1F33CCFC00A6E404 /* AppDelegate.swift */ = {isa = PBXFileReference; lastKnownFileType = sourcecode.swift; path = AppDelegate.swift; sourceTree = "<group>"; };
		1489A7B41F33CCFC00A6E404 /* Base */ = {isa = PBXFileReference; lastKnownFileType = file.storyboard; name = Base; path = Base.lproj/Main.storyboard; sourceTree = "<group>"; };
		1489A7B61F33CCFC00A6E404 /* Assets.xcassets */ = {isa = PBXFileReference; lastKnownFileType = folder.assetcatalog; path = Assets.xcassets; sourceTree = "<group>"; };
		1489A7B91F33CCFC00A6E404 /* Base */ = {isa = PBXFileReference; lastKnownFileType = file.storyboard; name = Base; path = Base.lproj/LaunchScreen.storyboard; sourceTree = "<group>"; };
		1489A7BB1F33CCFC00A6E404 /* Info.plist */ = {isa = PBXFileReference; lastKnownFileType = text.plist.xml; path = Info.plist; sourceTree = "<group>"; };
		14E26A151F4CBE5200FFC55D /* Audio.swift */ = {isa = PBXFileReference; fileEncoding = 4; lastKnownFileType = sourcecode.swift; path = Audio.swift; sourceTree = "<group>"; };
		53E366EE20059EEA0086C82F /* CustomCells.swift */ = {isa = PBXFileReference; lastKnownFileType = sourcecode.swift; path = CustomCells.swift; sourceTree = "<group>"; };
		654ED2B9B900B0585705BDEF /* Pods_NexUp.framework */ = {isa = PBXFileReference; explicitFileType = wrapper.framework; includeInIndex = 0; path = Pods_NexUp.framework; sourceTree = BUILT_PRODUCTS_DIR; };
		E51B22AA200316DC009F09A1 /* Account.swift */ = {isa = PBXFileReference; lastKnownFileType = sourcecode.swift; path = Account.swift; sourceTree = "<group>"; };
		E5263C7A20D35DAF007039BE /* SlideFromLeft.swift */ = {isa = PBXFileReference; fileEncoding = 4; lastKnownFileType = sourcecode.swift; path = SlideFromLeft.swift; sourceTree = "<group>"; };
		E5263C7C20D35FDB007039BE /* SlideFromRight.swift */ = {isa = PBXFileReference; fileEncoding = 4; lastKnownFileType = sourcecode.swift; path = SlideFromRight.swift; sourceTree = "<group>"; };
		E53C4A2C2001C1BB00D38465 /* UserAccountVC.swift */ = {isa = PBXFileReference; lastKnownFileType = sourcecode.swift; path = UserAccountVC.swift; sourceTree = "<group>"; };
		E53C4A2E2001C1D500D38465 /* ArtistVC.swift */ = {isa = PBXFileReference; lastKnownFileType = sourcecode.swift; path = ArtistVC.swift; sourceTree = "<group>"; };
		E53C4A302001C1F600D38465 /* ArtistInfoVC.swift */ = {isa = PBXFileReference; lastKnownFileType = sourcecode.swift; path = ArtistInfoVC.swift; sourceTree = "<group>"; };
		E53C4A382001C22C00D38465 /* AuthVC.swift */ = {isa = PBXFileReference; lastKnownFileType = sourcecode.swift; path = AuthVC.swift; sourceTree = "<group>"; };
		E54AEA2020D07476006D0329 /* GoogleService-Info.plist */ = {isa = PBXFileReference; fileEncoding = 4; lastKnownFileType = text.plist.xml; path = "GoogleService-Info.plist"; sourceTree = "<group>"; };
		E553161F20132C77006EA053 /* CircleControls.swift */ = {isa = PBXFileReference; lastKnownFileType = sourcecode.swift; path = CircleControls.swift; sourceTree = "<group>"; };
		E553162120132C81006EA053 /* Sidebar.swift */ = {isa = PBXFileReference; lastKnownFileType = sourcecode.swift; path = Sidebar.swift; sourceTree = "<group>"; };
		E569F388200590A300E5F07D /* Artist.swift */ = {isa = PBXFileReference; lastKnownFileType = sourcecode.swift; path = Artist.swift; sourceTree = "<group>"; };
		E57675D32015C2330093C820 /* UIKitExt.swift */ = {isa = PBXFileReference; lastKnownFileType = sourcecode.swift; path = UIKitExt.swift; sourceTree = "<group>"; };
		E57675D52015C24E0093C820 /* AVFoundationExt.swift */ = {isa = PBXFileReference; lastKnownFileType = sourcecode.swift; path = AVFoundationExt.swift; sourceTree = "<group>"; };
		E57675DD2015C2A40093C820 /* FoundationExt.swift */ = {isa = PBXFileReference; lastKnownFileType = sourcecode.swift; path = FoundationExt.swift; sourceTree = "<group>"; };
		E586293620D1C01600242A74 /* SwiftStyleSettings.plist */ = {isa = PBXFileReference; fileEncoding = 4; lastKnownFileType = text.plist.xml; path = SwiftStyleSettings.plist; sourceTree = "<group>"; };
		E58A2FB620203E4400A22C55 /* NexUp.entitlements */ = {isa = PBXFileReference; lastKnownFileType = text.plist.entitlements; path = NexUp.entitlements; sourceTree = SOURCE_ROOT; };
		E58A2FB720203E4500A22C55 /* AudioToolbox.framework */ = {isa = PBXFileReference; lastKnownFileType = wrapper.framework; name = AudioToolbox.framework; path = System/Library/Frameworks/AudioToolbox.framework; sourceTree = SDKROOT; };
		E59BA24D202D0D2B0050588D /* SubscriptionHandler.swift */ = {isa = PBXFileReference; lastKnownFileType = sourcecode.swift; path = SubscriptionHandler.swift; sourceTree = "<group>"; };
		E59BA252202D17700050588D /* StoreKit.framework */ = {isa = PBXFileReference; lastKnownFileType = wrapper.framework; name = StoreKit.framework; path = System/Library/Frameworks/StoreKit.framework; sourceTree = SDKROOT; };
		E5B87E1920196CAF00777E67 /* FavoriteVC.swift */ = {isa = PBXFileReference; lastKnownFileType = sourcecode.swift; path = FavoriteVC.swift; sourceTree = "<group>"; };
		E5B87E1B20196CC600777E67 /* DislikeVC.swift */ = {isa = PBXFileReference; lastKnownFileType = sourcecode.swift; path = DislikeVC.swift; sourceTree = "<group>"; };
		E5B87E1D20196CE300777E67 /* RecentVC.swift */ = {isa = PBXFileReference; lastKnownFileType = sourcecode.swift; path = RecentVC.swift; sourceTree = "<group>"; };
		E5CBC9D9200D6A8C0018023A /* NowPlayingVC.swift */ = {isa = PBXFileReference; fileEncoding = 4; lastKnownFileType = sourcecode.swift; path = NowPlayingVC.swift; sourceTree = "<group>"; };
		E66128AB9646E79A24F019ED /* Pods-NexUp.release.xcconfig */ = {isa = PBXFileReference; includeInIndex = 1; lastKnownFileType = text.xcconfig; name = "Pods-NexUp.release.xcconfig"; path = "Pods/Target Support Files/Pods-NexUp/Pods-NexUp.release.xcconfig"; sourceTree = "<group>"; };
		EA4CBFB232D7B01B5292ACF1 /* Pods-NexUp.debug.xcconfig */ = {isa = PBXFileReference; includeInIndex = 1; lastKnownFileType = text.xcconfig; name = "Pods-NexUp.debug.xcconfig"; path = "Pods/Target Support Files/Pods-NexUp/Pods-NexUp.debug.xcconfig"; sourceTree = "<group>"; };
/* End PBXFileReference section */

/* Begin PBXFrameworksBuildPhase section */
		1489A7A91F33CCFC00A6E404 /* Frameworks */ = {
			isa = PBXFrameworksBuildPhase;
			buildActionMask = 2147483647;
			files = (
				144B8A881F3BE88700CF749F /* AVFoundation.framework in Frameworks */,
				144B8A861F3BE81000CF749F /* iAd.framework in Frameworks */,
				144B8A841F3BE7CD00CF749F /* AdSupport.framework in Frameworks */,
				E59BA253202D17700050588D /* StoreKit.framework in Frameworks */,
				E58A2FB820203E4500A22C55 /* AudioToolbox.framework in Frameworks */,
				E5384D2520E74B890085AF0E /* Pods_NexUp.framework in Frameworks */,
			);
			runOnlyForDeploymentPostprocessing = 0;
		};
/* End PBXFrameworksBuildPhase section */

/* Begin PBXGroup section */
		143C42851F33CE5800638D57 /* Main */ = {
			isa = PBXGroup;
			children = (
				E59BA42C20D347C900637F47 /* Core */,
				E5F311E720BF916A00E9163A /* User Interface */,
			);
			name = Main;
			sourceTree = "<group>";
		};
		143C42861F33CE6500638D57 /* View Controllers */ = {
			isa = PBXGroup;
			children = (
				E5CBC9D9200D6A8C0018023A /* NowPlayingVC.swift */,
				E59BA42A20D3479100637F47 /* Artists */,
				E59BA42920D3476800637F47 /* User Account */,
				E5D5F324201009B00071C9B2 /* Containers */,
			);
			name = "View Controllers";
			sourceTree = "<group>";
		};
		1489A7A31F33CCFC00A6E404 = {
			isa = PBXGroup;
			children = (
				1489A7AE1F33CCFC00A6E404 /* NexUp */,
				1489A7AD1F33CCFC00A6E404 /* Products */,
				D3C59EAC0CD00A29F88298E6 /* Pods */,
				9E13DDD962C84BC0D2881B30 /* Frameworks */,
			);
			sourceTree = "<group>";
		};
		1489A7AD1F33CCFC00A6E404 /* Products */ = {
			isa = PBXGroup;
			children = (
				1489A7AC1F33CCFC00A6E404 /* NexUp.app */,
			);
			name = Products;
			sourceTree = "<group>";
		};
		1489A7AE1F33CCFC00A6E404 /* NexUp */ = {
			isa = PBXGroup;
			children = (
				143C42851F33CE5800638D57 /* Main */,
				14AF7D9A1F5A650A00B74133 /* Audio */,
				E59BA24F202D0EF10050588D /* Account */,
			);
			path = NexUp;
			sourceTree = "<group>";
		};
		14AF7D9A1F5A650A00B74133 /* Audio */ = {
			isa = PBXGroup;
			children = (
				14E26A151F4CBE5200FFC55D /* Audio.swift */,
				E569F388200590A300E5F07D /* Artist.swift */,
			);
			name = Audio;
			sourceTree = "<group>";
		};
		46301654B96E8327179189FA /* Frameworks */ = {
			isa = PBXGroup;
			children = (
				144B8A871F3BE88700CF749F /* AVFoundation.framework */,
				144B8A851F3BE81000CF749F /* iAd.framework */,
				144B8A831F3BE7CD00CF749F /* AdSupport.framework */,
			);
			name = Frameworks;
			sourceTree = "<group>";
		};
		9E13DDD962C84BC0D2881B30 /* Frameworks */ = {
			isa = PBXGroup;
			children = (
				E59BA252202D17700050588D /* StoreKit.framework */,
				E58A2FB720203E4500A22C55 /* AudioToolbox.framework */,
				654ED2B9B900B0585705BDEF /* Pods_NexUp.framework */,
			);
			name = Frameworks;
			sourceTree = "<group>";
		};
		D3C59EAC0CD00A29F88298E6 /* Pods */ = {
			isa = PBXGroup;
			children = (
				46301654B96E8327179189FA /* Frameworks */,
				EA4CBFB232D7B01B5292ACF1 /* Pods-NexUp.debug.xcconfig */,
				E66128AB9646E79A24F019ED /* Pods-NexUp.release.xcconfig */,
			);
			name = Pods;
			sourceTree = "<group>";
		};
		E57675D2201491280093C820 /* Custom Cells */ = {
			isa = PBXGroup;
			children = (
				53E366EE20059EEA0086C82F /* CustomCells.swift */,
			);
			name = "Custom Cells";
			sourceTree = "<group>";
		};
		E57675E12015C2FC0093C820 /* Extensions */ = {
			isa = PBXGroup;
			children = (
				E57675D32015C2330093C820 /* UIKitExt.swift */,
				145E5F6E1FF5830100C8E37C /* StoryboardExt.swift */,
				E57675DD2015C2A40093C820 /* FoundationExt.swift */,
				E57675D52015C24E0093C820 /* AVFoundationExt.swift */,
			);
			name = Extensions;
			sourceTree = "<group>";
		};
		E59BA24F202D0EF10050588D /* Account */ = {
			isa = PBXGroup;
			children = (
				E51B22AA200316DC009F09A1 /* Account.swift */,
				E59BA24D202D0D2B0050588D /* SubscriptionHandler.swift */,
			);
			name = Account;
			sourceTree = "<group>";
		};
		E59BA42820D3468D00637F47 /* Custom Segues */ = {
			isa = PBXGroup;
			children = (
				E5263C7A20D35DAF007039BE /* SlideFromLeft.swift */,
				E5263C7C20D35FDB007039BE /* SlideFromRight.swift */,
			);
			name = "Custom Segues";
			sourceTree = "<group>";
		};
		E59BA42920D3476800637F47 /* User Account */ = {
			isa = PBXGroup;
			children = (
				E53C4A382001C22C00D38465 /* AuthVC.swift */,
				E53C4A2C2001C1BB00D38465 /* UserAccountVC.swift */,
				E5B87E1920196CAF00777E67 /* FavoriteVC.swift */,
				E5B87E1B20196CC600777E67 /* DislikeVC.swift */,
				E5B87E1D20196CE300777E67 /* RecentVC.swift */,
			);
			name = "User Account";
			sourceTree = "<group>";
		};
		E59BA42A20D3479100637F47 /* Artists */ = {
			isa = PBXGroup;
			children = (
				E53C4A2E2001C1D500D38465 /* ArtistVC.swift */,
				E53C4A302001C1F600D38465 /* ArtistInfoVC.swift */,
			);
			name = Artists;
			sourceTree = "<group>";
		};
		E59BA42B20D347A800637F47 /* Storyboard */ = {
			isa = PBXGroup;
			children = (
				1489A7B31F33CCFC00A6E404 /* Main.storyboard */,
				1489A7B81F33CCFC00A6E404 /* LaunchScreen.storyboard */,
				1489A7B61F33CCFC00A6E404 /* Assets.xcassets */,
			);
			name = Storyboard;
			sourceTree = "<group>";
		};
		E59BA42C20D347C900637F47 /* Core */ = {
			isa = PBXGroup;
			children = (
				1489A7AF1F33CCFC00A6E404 /* AppDelegate.swift */,
				1489A7BB1F33CCFC00A6E404 /* Info.plist */,
				E57675E12015C2FC0093C820 /* Extensions */,
				E59BA42D20D347F300637F47 /* Project Resources */,
			);
			name = Core;
			sourceTree = "<group>";
		};
		E59BA42D20D347F300637F47 /* Project Resources */ = {
			isa = PBXGroup;
			children = (
				E586293620D1C01600242A74 /* SwiftStyleSettings.plist */,
				E54AEA2020D07476006D0329 /* GoogleService-Info.plist */,
				145E5F701FF588AE00C8E37C /* AvenirLTStd-Light.otf */,
				E58A2FB620203E4400A22C55 /* NexUp.entitlements */,
			);
			name = "Project Resources";
			sourceTree = "<group>";
		};
		E5D5F324201009B00071C9B2 /* Containers */ = {
			isa = PBXGroup;
			children = (
				E553161F20132C77006EA053 /* CircleControls.swift */,
				E553162120132C81006EA053 /* Sidebar.swift */,
			);
			name = Containers;
			sourceTree = "<group>";
		};
		E5F311E720BF916A00E9163A /* User Interface */ = {
			isa = PBXGroup;
			children = (
				E59BA42B20D347A800637F47 /* Storyboard */,
				143C42861F33CE6500638D57 /* View Controllers */,
				E57675D2201491280093C820 /* Custom Cells */,
				E59BA42820D3468D00637F47 /* Custom Segues */,
			);
			name = "User Interface";
			sourceTree = "<group>";
		};
/* End PBXGroup section */

/* Begin PBXNativeTarget section */
		1489A7AB1F33CCFC00A6E404 /* NexUp */ = {
			isa = PBXNativeTarget;
			buildConfigurationList = 1489A7BE1F33CCFC00A6E404 /* Build configuration list for PBXNativeTarget "NexUp" */;
			buildPhases = (
				289F8AFE7510CB0D567B78C9 /* [CP] Check Pods Manifest.lock */,
				1489A7A81F33CCFC00A6E404 /* Sources */,
				1489A7A91F33CCFC00A6E404 /* Frameworks */,
				1489A7AA1F33CCFC00A6E404 /* Resources */,
				4AC431E0CC0B835BE6F8B1CB /* [CP] Embed Pods Frameworks */,
			);
			buildRules = (
			);
			dependencies = (
			);
			name = NexUp;
			productName = TheLocalPlug;
			productReference = 1489A7AC1F33CCFC00A6E404 /* NexUp.app */;
			productType = "com.apple.product-type.application";
		};
/* End PBXNativeTarget section */

/* Begin PBXProject section */
		1489A7A41F33CCFC00A6E404 /* Project object */ = {
			isa = PBXProject;
			attributes = {
				LastSwiftUpdateCheck = 0930;
				LastUpgradeCheck = 0930;
				ORGANIZATIONNAME = "LAGB Technologies";
				TargetAttributes = {
					1489A7AB1F33CCFC00A6E404 = {
						CreatedOnToolsVersion = 8.3.3;
						DevelopmentTeam = VWSMFUQHS2;
						LastSwiftMigration = 0900;
						ProvisioningStyle = Automatic;
						SystemCapabilities = {
							com.apple.BackgroundModes = {
								enabled = 1;
							};
							com.apple.InAppPurchase = {
								enabled = 1;
							};
							com.apple.InterAppAudio = {
								enabled = 1;
							};
							com.apple.Push = {
								enabled = 1;
							};
						};
					};
				};
			};
			buildConfigurationList = 1489A7A71F33CCFC00A6E404 /* Build configuration list for PBXProject "NexUp" */;
			compatibilityVersion = "Xcode 3.2";
			developmentRegion = English;
			hasScannedForEncodings = 0;
			knownRegions = (
				en,
				Base,
			);
			mainGroup = 1489A7A31F33CCFC00A6E404;
			productRefGroup = 1489A7AD1F33CCFC00A6E404 /* Products */;
			projectDirPath = "";
			projectRoot = "";
			targets = (
				1489A7AB1F33CCFC00A6E404 /* NexUp */,
			);
		};
/* End PBXProject section */

/* Begin PBXResourcesBuildPhase section */
		1489A7AA1F33CCFC00A6E404 /* Resources */ = {
			isa = PBXResourcesBuildPhase;
			buildActionMask = 2147483647;
			files = (
				145E5F711FF588AF00C8E37C /* AvenirLTStd-Light.otf in Resources */,
				1489A7BA1F33CCFC00A6E404 /* LaunchScreen.storyboard in Resources */,
				E54AEA2120D07477006D0329 /* GoogleService-Info.plist in Resources */,
				1489A7B71F33CCFC00A6E404 /* Assets.xcassets in Resources */,
				1489A7B51F33CCFC00A6E404 /* Main.storyboard in Resources */,
				E586293720D1C01600242A74 /* SwiftStyleSettings.plist in Resources */,
			);
			runOnlyForDeploymentPostprocessing = 0;
		};
/* End PBXResourcesBuildPhase section */

/* Begin PBXShellScriptBuildPhase section */
		289F8AFE7510CB0D567B78C9 /* [CP] Check Pods Manifest.lock */ = {
			isa = PBXShellScriptBuildPhase;
			buildActionMask = 2147483647;
			files = (
			);
			inputPaths = (
				"${PODS_PODFILE_DIR_PATH}/Podfile.lock",
				"${PODS_ROOT}/Manifest.lock",
			);
			name = "[CP] Check Pods Manifest.lock";
			outputPaths = (
				"$(DERIVED_FILE_DIR)/Pods-NexUp-checkManifestLockResult.txt",
			);
			runOnlyForDeploymentPostprocessing = 0;
			shellPath = /bin/sh;
			shellScript = "diff \"${PODS_PODFILE_DIR_PATH}/Podfile.lock\" \"${PODS_ROOT}/Manifest.lock\" > /dev/null\nif [ $? != 0 ] ; then\n    # print error to STDERR\n    echo \"error: The sandbox is not in sync with the Podfile.lock. Run 'pod install' or update your CocoaPods installation.\" >&2\n    exit 1\nfi\n# This output is used by Xcode 'outputs' to avoid re-running this script phase.\necho \"SUCCESS\" > \"${SCRIPT_OUTPUT_FILE_0}\"\n";
			showEnvVarsInLog = 0;
		};
		4AC431E0CC0B835BE6F8B1CB /* [CP] Embed Pods Frameworks */ = {
			isa = PBXShellScriptBuildPhase;
			buildActionMask = 2147483647;
			files = (
			);
			inputPaths = (
				"${SRCROOT}/Pods/Target Support Files/Pods-NexUp/Pods-NexUp-frameworks.sh",
				"${BUILT_PRODUCTS_DIR}/GTMSessionFetcher/GTMSessionFetcher.framework",
				"${BUILT_PRODUCTS_DIR}/GoogleToolboxForMac/GoogleToolboxForMac.framework",
				"${BUILT_PRODUCTS_DIR}/Protobuf/Protobuf.framework",
				"${BUILT_PRODUCTS_DIR}/SwiftyStoreKit/SwiftyStoreKit.framework",
				"${BUILT_PRODUCTS_DIR}/leveldb-library/leveldb.framework",
				"${BUILT_PRODUCTS_DIR}/nanopb/nanopb.framework",
			);
			name = "[CP] Embed Pods Frameworks";
			outputPaths = (
				"${TARGET_BUILD_DIR}/${FRAMEWORKS_FOLDER_PATH}/GTMSessionFetcher.framework",
				"${TARGET_BUILD_DIR}/${FRAMEWORKS_FOLDER_PATH}/GoogleToolboxForMac.framework",
				"${TARGET_BUILD_DIR}/${FRAMEWORKS_FOLDER_PATH}/Protobuf.framework",
				"${TARGET_BUILD_DIR}/${FRAMEWORKS_FOLDER_PATH}/SwiftyStoreKit.framework",
				"${TARGET_BUILD_DIR}/${FRAMEWORKS_FOLDER_PATH}/leveldb.framework",
				"${TARGET_BUILD_DIR}/${FRAMEWORKS_FOLDER_PATH}/nanopb.framework",
			);
			runOnlyForDeploymentPostprocessing = 0;
			shellPath = /bin/sh;
			shellScript = "\"${SRCROOT}/Pods/Target Support Files/Pods-NexUp/Pods-NexUp-frameworks.sh\"\n";
			showEnvVarsInLog = 0;
		};
/* End PBXShellScriptBuildPhase section */

/* Begin PBXSourcesBuildPhase section */
		1489A7A81F33CCFC00A6E404 /* Sources */ = {
			isa = PBXSourcesBuildPhase;
			buildActionMask = 2147483647;
			files = (
				E51B22AB200316DC009F09A1 /* Account.swift in Sources */,
				E53C4A2F2001C1D500D38465 /* ArtistVC.swift in Sources */,
				E53C4A312001C1F600D38465 /* ArtistInfoVC.swift in Sources */,
				E57675D42015C2330093C820 /* UIKitExt.swift in Sources */,
				E59BA24E202D0D2B0050588D /* SubscriptionHandler.swift in Sources */,
				E569F389200590A300E5F07D /* Artist.swift in Sources */,
				E5B87E1E20196CE300777E67 /* RecentVC.swift in Sources */,
				14E26A161F4CBE5200FFC55D /* Audio.swift in Sources */,
				E553162020132C77006EA053 /* CircleControls.swift in Sources */,
				E53C4A392001C22C00D38465 /* AuthVC.swift in Sources */,
				E53C4A2D2001C1BB00D38465 /* UserAccountVC.swift in Sources */,
				E57675D62015C24E0093C820 /* AVFoundationExt.swift in Sources */,
				1489A7B01F33CCFC00A6E404 /* AppDelegate.swift in Sources */,
				145E5F6F1FF5830100C8E37C /* StoryboardExt.swift in Sources */,
				E5B87E1C20196CC600777E67 /* DislikeVC.swift in Sources */,
				E5263C7B20D35DAF007039BE /* SlideFromLeft.swift in Sources */,
				53E366EF20059EEA0086C82F /* CustomCells.swift in Sources */,
				E553162220132C81006EA053 /* Sidebar.swift in Sources */,
				E5B87E1A20196CAF00777E67 /* FavoriteVC.swift in Sources */,
				E5263C7D20D35FDC007039BE /* SlideFromRight.swift in Sources */,
				E57675DE2015C2A40093C820 /* FoundationExt.swift in Sources */,
				E5CBC9DA200D6A8C0018023A /* NowPlayingVC.swift in Sources */,
			);
			runOnlyForDeploymentPostprocessing = 0;
		};
/* End PBXSourcesBuildPhase section */

/* Begin PBXVariantGroup section */
		1489A7B31F33CCFC00A6E404 /* Main.storyboard */ = {
			isa = PBXVariantGroup;
			children = (
				1489A7B41F33CCFC00A6E404 /* Base */,
			);
			name = Main.storyboard;
			sourceTree = "<group>";
		};
		1489A7B81F33CCFC00A6E404 /* LaunchScreen.storyboard */ = {
			isa = PBXVariantGroup;
			children = (
				1489A7B91F33CCFC00A6E404 /* Base */,
			);
			name = LaunchScreen.storyboard;
			sourceTree = "<group>";
		};
/* End PBXVariantGroup section */

/* Begin XCBuildConfiguration section */
		1489A7BC1F33CCFC00A6E404 /* Debug */ = {
			isa = XCBuildConfiguration;
			buildSettings = {
				ALWAYS_SEARCH_USER_PATHS = NO;
				CLANG_ANALYZER_NONNULL = YES;
				CLANG_ANALYZER_NUMBER_OBJECT_CONVERSION = YES_AGGRESSIVE;
				CLANG_CXX_LANGUAGE_STANDARD = "gnu++0x";
				CLANG_CXX_LIBRARY = "libc++";
				CLANG_ENABLE_MODULES = YES;
				CLANG_ENABLE_OBJC_ARC = YES;
				CLANG_WARN_BLOCK_CAPTURE_AUTORELEASING = YES;
				CLANG_WARN_BOOL_CONVERSION = YES;
				CLANG_WARN_COMMA = YES;
				CLANG_WARN_CONSTANT_CONVERSION = YES;
				CLANG_WARN_DEPRECATED_OBJC_IMPLEMENTATIONS = YES;
				CLANG_WARN_DIRECT_OBJC_ISA_USAGE = YES_ERROR;
				CLANG_WARN_DOCUMENTATION_COMMENTS = YES;
				CLANG_WARN_EMPTY_BODY = YES;
				CLANG_WARN_ENUM_CONVERSION = YES;
				CLANG_WARN_INFINITE_RECURSION = YES;
				CLANG_WARN_INT_CONVERSION = YES;
				CLANG_WARN_NON_LITERAL_NULL_CONVERSION = YES;
				CLANG_WARN_OBJC_IMPLICIT_RETAIN_SELF = YES;
				CLANG_WARN_OBJC_LITERAL_CONVERSION = YES;
				CLANG_WARN_OBJC_ROOT_CLASS = YES_ERROR;
				CLANG_WARN_RANGE_LOOP_ANALYSIS = YES;
				CLANG_WARN_STRICT_PROTOTYPES = YES;
				CLANG_WARN_SUSPICIOUS_MOVE = YES;
				CLANG_WARN_UNREACHABLE_CODE = YES;
				CLANG_WARN__DUPLICATE_METHOD_MATCH = YES;
				"CODE_SIGN_IDENTITY[sdk=iphoneos*]" = "iPhone Developer";
				COPY_PHASE_STRIP = NO;
				DEBUG_INFORMATION_FORMAT = dwarf;
				ENABLE_STRICT_OBJC_MSGSEND = YES;
				ENABLE_TESTABILITY = YES;
				GCC_C_LANGUAGE_STANDARD = gnu99;
				GCC_DYNAMIC_NO_PIC = NO;
				GCC_NO_COMMON_BLOCKS = YES;
				GCC_OPTIMIZATION_LEVEL = 0;
				GCC_PREPROCESSOR_DEFINITIONS = (
					"DEBUG=1",
					"$(inherited)",
				);
				GCC_WARN_64_TO_32_BIT_CONVERSION = YES;
				GCC_WARN_ABOUT_RETURN_TYPE = YES_ERROR;
				GCC_WARN_UNDECLARED_SELECTOR = YES;
				GCC_WARN_UNINITIALIZED_AUTOS = YES_AGGRESSIVE;
				GCC_WARN_UNUSED_FUNCTION = YES;
				GCC_WARN_UNUSED_LABEL = NO;
				GCC_WARN_UNUSED_PARAMETER = YES;
				GCC_WARN_UNUSED_VARIABLE = YES;
				IPHONEOS_DEPLOYMENT_TARGET = 10.3;
				MTL_ENABLE_DEBUG_INFO = YES;
				ONLY_ACTIVE_ARCH = YES;
				SDKROOT = iphoneos;
				SWIFT_ACTIVE_COMPILATION_CONDITIONS = DEBUG;
				SWIFT_OPTIMIZATION_LEVEL = "-Onone";
				TARGETED_DEVICE_FAMILY = "1,2";
			};
			name = Debug;
		};
		1489A7BD1F33CCFC00A6E404 /* Release */ = {
			isa = XCBuildConfiguration;
			buildSettings = {
				ALWAYS_SEARCH_USER_PATHS = NO;
				CLANG_ANALYZER_NONNULL = YES;
				CLANG_ANALYZER_NUMBER_OBJECT_CONVERSION = YES_AGGRESSIVE;
				CLANG_CXX_LANGUAGE_STANDARD = "gnu++0x";
				CLANG_CXX_LIBRARY = "libc++";
				CLANG_ENABLE_MODULES = YES;
				CLANG_ENABLE_OBJC_ARC = YES;
				CLANG_WARN_BLOCK_CAPTURE_AUTORELEASING = YES;
				CLANG_WARN_BOOL_CONVERSION = YES;
				CLANG_WARN_COMMA = YES;
				CLANG_WARN_CONSTANT_CONVERSION = YES;
				CLANG_WARN_DEPRECATED_OBJC_IMPLEMENTATIONS = YES;
				CLANG_WARN_DIRECT_OBJC_ISA_USAGE = YES_ERROR;
				CLANG_WARN_DOCUMENTATION_COMMENTS = YES;
				CLANG_WARN_EMPTY_BODY = YES;
				CLANG_WARN_ENUM_CONVERSION = YES;
				CLANG_WARN_INFINITE_RECURSION = YES;
				CLANG_WARN_INT_CONVERSION = YES;
				CLANG_WARN_NON_LITERAL_NULL_CONVERSION = YES;
				CLANG_WARN_OBJC_IMPLICIT_RETAIN_SELF = YES;
				CLANG_WARN_OBJC_LITERAL_CONVERSION = YES;
				CLANG_WARN_OBJC_ROOT_CLASS = YES_ERROR;
				CLANG_WARN_RANGE_LOOP_ANALYSIS = YES;
				CLANG_WARN_STRICT_PROTOTYPES = YES;
				CLANG_WARN_SUSPICIOUS_MOVE = YES;
				CLANG_WARN_UNREACHABLE_CODE = YES;
				CLANG_WARN__DUPLICATE_METHOD_MATCH = YES;
				"CODE_SIGN_IDENTITY[sdk=iphoneos*]" = "iPhone Developer";
				COPY_PHASE_STRIP = NO;
				DEBUG_INFORMATION_FORMAT = "dwarf-with-dsym";
				ENABLE_NS_ASSERTIONS = NO;
				ENABLE_STRICT_OBJC_MSGSEND = YES;
				GCC_C_LANGUAGE_STANDARD = gnu99;
				GCC_NO_COMMON_BLOCKS = YES;
				GCC_WARN_64_TO_32_BIT_CONVERSION = YES;
				GCC_WARN_ABOUT_RETURN_TYPE = YES_ERROR;
				GCC_WARN_UNDECLARED_SELECTOR = YES;
				GCC_WARN_UNINITIALIZED_AUTOS = YES_AGGRESSIVE;
				GCC_WARN_UNUSED_FUNCTION = YES;
				GCC_WARN_UNUSED_LABEL = NO;
				GCC_WARN_UNUSED_PARAMETER = YES;
				GCC_WARN_UNUSED_VARIABLE = YES;
				IPHONEOS_DEPLOYMENT_TARGET = 10.3;
				MTL_ENABLE_DEBUG_INFO = NO;
				SDKROOT = iphoneos;
				SWIFT_OPTIMIZATION_LEVEL = "-Owholemodule";
				TARGETED_DEVICE_FAMILY = "1,2";
				VALIDATE_PRODUCT = YES;
			};
			name = Release;
		};
		1489A7BF1F33CCFC00A6E404 /* Debug */ = {
			isa = XCBuildConfiguration;
			baseConfigurationReference = EA4CBFB232D7B01B5292ACF1 /* Pods-NexUp.debug.xcconfig */;
			buildSettings = {
				ASSETCATALOG_COMPILER_APPICON_NAME = AppIcon;
				CODE_SIGN_ENTITLEMENTS = NexUp.entitlements;
				"CODE_SIGN_IDENTITY[sdk=iphoneos*]" = "iPhone Developer";
				CODE_SIGN_STYLE = Automatic;
				DEBUG_INFORMATION_FORMAT = "dwarf-with-dsym";
				DEVELOPMENT_TEAM = "";
				INFOPLIST_FILE = "$(SRCROOT)/NexUp/Info.plist";
				LD_RUNPATH_SEARCH_PATHS = "$(inherited) @executable_path/Frameworks";
				PRODUCT_BUNDLE_IDENTIFIER = com.lagbtech.nexup;
				PRODUCT_NAME = "$(TARGET_NAME)";
				PROVISIONING_PROFILE = "";
				PROVISIONING_PROFILE_SPECIFIER = "";
				SWIFT_SWIFT3_OBJC_INFERENCE = Default;
				SWIFT_VERSION = 4.0;
				TARGETED_DEVICE_FAMILY = 1;
			};
			name = Debug;
		};
		1489A7C01F33CCFC00A6E404 /* Release */ = {
			isa = XCBuildConfiguration;
			baseConfigurationReference = E66128AB9646E79A24F019ED /* Pods-NexUp.release.xcconfig */;
			buildSettings = {
				ASSETCATALOG_COMPILER_APPICON_NAME = AppIcon;
				CODE_SIGN_ENTITLEMENTS = NexUp.entitlements;
				"CODE_SIGN_IDENTITY[sdk=iphoneos*]" = "iPhone Developer";
				CODE_SIGN_STYLE = Automatic;
				DEVELOPMENT_TEAM = "";
				INFOPLIST_FILE = "$(SRCROOT)/NexUp/Info.plist";
				LD_RUNPATH_SEARCH_PATHS = "$(inherited) @executable_path/Frameworks";
				PRODUCT_BUNDLE_IDENTIFIER = com.lagbtech.nexup;
				PRODUCT_NAME = "$(TARGET_NAME)";
				PROVISIONING_PROFILE = "";
				PROVISIONING_PROFILE_SPECIFIER = "";
				SWIFT_SWIFT3_OBJC_INFERENCE = Default;
				SWIFT_VERSION = 4.0;
				TARGETED_DEVICE_FAMILY = 1;
			};
			name = Release;
		};
/* End XCBuildConfiguration section */

/* Begin XCConfigurationList section */
		1489A7A71F33CCFC00A6E404 /* Build configuration list for PBXProject "NexUp" */ = {
			isa = XCConfigurationList;
			buildConfigurations = (
				1489A7BC1F33CCFC00A6E404 /* Debug */,
				1489A7BD1F33CCFC00A6E404 /* Release */,
			);
			defaultConfigurationIsVisible = 0;
			defaultConfigurationName = Release;
		};
		1489A7BE1F33CCFC00A6E404 /* Build configuration list for PBXNativeTarget "NexUp" */ = {
			isa = XCConfigurationList;
			buildConfigurations = (
				1489A7BF1F33CCFC00A6E404 /* Debug */,
				1489A7C01F33CCFC00A6E404 /* Release */,
			);
			defaultConfigurationIsVisible = 0;
			defaultConfigurationName = Release;
		};
/* End XCConfigurationList section */
	};
	rootObject = 1489A7A41F33CCFC00A6E404 /* Project object */;
}
